
Microsoft Visual Studio Solution File, Format Version 12.00
# Visual Studio Version 16
VisualStudioVersion = 16.0.31321.278
MinimumVisualStudioVersion = 10.0.40219.1
Project("{2150E333-8FDC-42A3-9474-1A3956D46DE8}") = "src", "src", "{D8019F13-A844-423C-92B9-95B92E42A95A}"
	ProjectSection(SolutionItems) = preProject
		link.txt = link.txt
	EndProjectSection
EndProject
Project("{2150E333-8FDC-42A3-9474-1A3956D46DE8}") = "test", "test", "{1062260E-9CA6-4EBE-B6D5-81E3F49CF1A7}"
EndProject
Project("{9A19103F-16F7-4668-BE54-9A1E7A4F7556}") = "Interview.Domain", "src\Interview.Domain\Interview.Domain.csproj", "{E237EEEC-67D6-45A2-AAD6-81F2392D6BF9}"
EndProject
Project("{9A19103F-16F7-4668-BE54-9A1E7A4F7556}") = "Interview.Infrastructure", "src\Interview.Infrastructure\Interview.Infrastructure.csproj", "{C201158B-8249-49B6-A715-22060752D3C7}"
EndProject
Project("{9A19103F-16F7-4668-BE54-9A1E7A4F7556}") = "Interview.Application", "src\Interview.Application\Interview.Application.csproj", "{BFE603B9-09D7-4722-896F-4640FBF79336}"
EndProject
Project("{2150E333-8FDC-42A3-9474-1A3956D46DE8}") = "EventBus", "EventBus", "{F9845C3D-6718-41AD-B32F-E814940F52A1}"
EndProject
Project("{9A19103F-16F7-4668-BE54-9A1E7A4F7556}") = "EventBus.Base", "..\Microservice\EventBus.Base\EventBus.Base.csproj", "{7F9740D7-53E8-46E4-BC28-82AEABBE4EA3}"
EndProject
Project("{9A19103F-16F7-4668-BE54-9A1E7A4F7556}") = "EventBus.Factory", "..\Microservice\EventBus.Factory\EventBus.Factory.csproj", "{F7576DAA-A58F-48AD-A2C4-0C2289C19D9B}"
EndProject
Project("{9A19103F-16F7-4668-BE54-9A1E7A4F7556}") = "EventBus.RabbitMQ", "..\Microservice\EventBus.RabbitMQ\EventBus.RabbitMQ.csproj", "{A57E7570-D3BF-4C55-9EFA-BD9F1283B5CC}"
EndProject
Project("{9A19103F-16F7-4668-BE54-9A1E7A4F7556}") = "Application.IntegrationTest", "test\TestProject1\Application.IntegrationTest.csproj", "{82E62F8F-8511-4B9C-836E-EA6D7CC23B5E}"
EndProject
Project("{9A19103F-16F7-4668-BE54-9A1E7A4F7556}") = "Order.Api", "src\WebApi\Order.Api.csproj", "{9856D20C-4085-4F89-992D-85B296CDAABA}"
EndProject
Project("{2150E333-8FDC-42A3-9474-1A3956D46DE8}") = "Services", "Services", "{9E7E1172-1167-4FB3-8D54-4F2CE6F53454}"
EndProject
Project("{2150E333-8FDC-42A3-9474-1A3956D46DE8}") = "BasketService", "BasketService", "{89B0EF04-1EF6-460D-9C23-F0FB7853AB93}"
EndProject
Project("{9A19103F-16F7-4668-BE54-9A1E7A4F7556}") = "BasketService.Api", "Services\BasketService\BasketService.Api\BasketService.Api.csproj", "{E1E6AB27-4C11-44F3-A955-D91EE88EA21B}"
EndProject
Project("{2150E333-8FDC-42A3-9474-1A3956D46DE8}") = "IdentitySevice", "IdentitySevice", "{DA8486DB-D11A-4AC2-B270-DED02BC3DB0D}"
EndProject
Project("{9A19103F-16F7-4668-BE54-9A1E7A4F7556}") = "IdentityService.Api", "Services\IdentitySevice\IdentityService.Api\IdentityService.Api.csproj", "{1712C204-7D53-4CF4-A505-62DA09C76C94}"
EndProject
Project("{2150E333-8FDC-42A3-9474-1A3956D46DE8}") = "NotificationService", "NotificationService", "{0A895488-F6DC-443B-9574-49B53502AA77}"
EndProject
Project("{9A19103F-16F7-4668-BE54-9A1E7A4F7556}") = "NotificationService.Api", "Services\NotificationServices\NotificationService.Api\NotificationService.Api.csproj", "{B412D356-69ED-4369-8E7F-6F3CC9A458F6}"
EndProject
Project("{2150E333-8FDC-42A3-9474-1A3956D46DE8}") = "PaymentService", "PaymentService", "{4CFB5969-BBE8-40A0-86EB-BA6978DCFCA3}"
EndProject
Project("{FAE04EC0-301F-11D3-BF4B-00C04F79EFBC}") = "Payment.Api", "Services\PaymentService\Payment.Api\Payment.Api.csproj", "{0D2BF5EC-6382-4F28-ACA0-3B548F848B35}"
EndProject
Project("{2150E333-8FDC-42A3-9474-1A3956D46DE8}") = "ApiGateway", "ApiGateway", "{FE790BC8-E948-4CCF-B136-13B756D1C0D7}"
EndProject
Project("{FAE04EC0-301F-11D3-BF4B-00C04F79EFBC}") = "Api.GateWay", "src\ApiGateway\Api.GateWay\Api.GateWay.csproj", "{B51610B0-80F2-44FD-AD92-59AA2ED9A5B5}"
EndProject
Global
	GlobalSection(SolutionConfigurationPlatforms) = preSolution
		Debug|Any CPU = Debug|Any CPU
		Release|Any CPU = Release|Any CPU
	EndGlobalSection
	GlobalSection(ProjectConfigurationPlatforms) = postSolution
		{E237EEEC-67D6-45A2-AAD6-81F2392D6BF9}.Debug|Any CPU.ActiveCfg = Debug|Any CPU
		{E237EEEC-67D6-45A2-AAD6-81F2392D6BF9}.Debug|Any CPU.Build.0 = Debug|Any CPU
		{E237EEEC-67D6-45A2-AAD6-81F2392D6BF9}.Release|Any CPU.ActiveCfg = Release|Any CPU
		{E237EEEC-67D6-45A2-AAD6-81F2392D6BF9}.Release|Any CPU.Build.0 = Release|Any CPU
		{C201158B-8249-49B6-A715-22060752D3C7}.Debug|Any CPU.ActiveCfg = Debug|Any CPU
		{C201158B-8249-49B6-A715-22060752D3C7}.Debug|Any CPU.Build.0 = Debug|Any CPU
		{C201158B-8249-49B6-A715-22060752D3C7}.Release|Any CPU.ActiveCfg = Release|Any CPU
		{C201158B-8249-49B6-A715-22060752D3C7}.Release|Any CPU.Build.0 = Release|Any CPU
		{BFE603B9-09D7-4722-896F-4640FBF79336}.Debug|Any CPU.ActiveCfg = Debug|Any CPU
		{BFE603B9-09D7-4722-896F-4640FBF79336}.Debug|Any CPU.Build.0 = Debug|Any CPU
		{BFE603B9-09D7-4722-896F-4640FBF79336}.Release|Any CPU.ActiveCfg = Release|Any CPU
		{BFE603B9-09D7-4722-896F-4640FBF79336}.Release|Any CPU.Build.0 = Release|Any CPU
		{7F9740D7-53E8-46E4-BC28-82AEABBE4EA3}.Debug|Any CPU.ActiveCfg = Debug|Any CPU
		{7F9740D7-53E8-46E4-BC28-82AEABBE4EA3}.Debug|Any CPU.Build.0 = Debug|Any CPU
		{7F9740D7-53E8-46E4-BC28-82AEABBE4EA3}.Release|Any CPU.ActiveCfg = Release|Any CPU
		{7F9740D7-53E8-46E4-BC28-82AEABBE4EA3}.Release|Any CPU.Build.0 = Release|Any CPU
		{F7576DAA-A58F-48AD-A2C4-0C2289C19D9B}.Debug|Any CPU.ActiveCfg = Debug|Any CPU
		{F7576DAA-A58F-48AD-A2C4-0C2289C19D9B}.Debug|Any CPU.Build.0 = Debug|Any CPU
		{F7576DAA-A58F-48AD-A2C4-0C2289C19D9B}.Release|Any CPU.ActiveCfg = Release|Any CPU
		{F7576DAA-A58F-48AD-A2C4-0C2289C19D9B}.Release|Any CPU.Build.0 = Release|Any CPU
		{A57E7570-D3BF-4C55-9EFA-BD9F1283B5CC}.Debug|Any CPU.ActiveCfg = Debug|Any CPU
		{A57E7570-D3BF-4C55-9EFA-BD9F1283B5CC}.Debug|Any CPU.Build.0 = Debug|Any CPU
		{A57E7570-D3BF-4C55-9EFA-BD9F1283B5CC}.Release|Any CPU.ActiveCfg = Release|Any CPU
		{A57E7570-D3BF-4C55-9EFA-BD9F1283B5CC}.Release|Any CPU.Build.0 = Release|Any CPU
		{82E62F8F-8511-4B9C-836E-EA6D7CC23B5E}.Debug|Any CPU.ActiveCfg = Debug|Any CPU
		{82E62F8F-8511-4B9C-836E-EA6D7CC23B5E}.Debug|Any CPU.Build.0 = Debug|Any CPU
		{82E62F8F-8511-4B9C-836E-EA6D7CC23B5E}.Release|Any CPU.ActiveCfg = Release|Any CPU
		{82E62F8F-8511-4B9C-836E-EA6D7CC23B5E}.Release|Any CPU.Build.0 = Release|Any CPU
		{9856D20C-4085-4F89-992D-85B296CDAABA}.Debug|Any CPU.ActiveCfg = Debug|Any CPU
		{9856D20C-4085-4F89-992D-85B296CDAABA}.Debug|Any CPU.Build.0 = Debug|Any CPU
		{9856D20C-4085-4F89-992D-85B296CDAABA}.Release|Any CPU.ActiveCfg = Release|Any CPU
		{9856D20C-4085-4F89-992D-85B296CDAABA}.Release|Any CPU.Build.0 = Release|Any CPU
		{E1E6AB27-4C11-44F3-A955-D91EE88EA21B}.Debug|Any CPU.ActiveCfg = Debug|Any CPU
		{E1E6AB27-4C11-44F3-A955-D91EE88EA21B}.Debug|Any CPU.Build.0 = Debug|Any CPU
		{E1E6AB27-4C11-44F3-A955-D91EE88EA21B}.Release|Any CPU.ActiveCfg = Release|Any CPU
		{E1E6AB27-4C11-44F3-A955-D91EE88EA21B}.Release|Any CPU.Build.0 = Release|Any CPU
		{1712C204-7D53-4CF4-A505-62DA09C76C94}.Debug|Any CPU.ActiveCfg = Debug|Any CPU
		{1712C204-7D53-4CF4-A505-62DA09C76C94}.Debug|Any CPU.Build.0 = Debug|Any CPU
		{1712C204-7D53-4CF4-A505-62DA09C76C94}.Release|Any CPU.ActiveCfg = Release|Any CPU
		{1712C204-7D53-4CF4-A505-62DA09C76C94}.Release|Any CPU.Build.0 = Release|Any CPU
		{B412D356-69ED-4369-8E7F-6F3CC9A458F6}.Debug|Any CPU.ActiveCfg = Debug|Any CPU
		{B412D356-69ED-4369-8E7F-6F3CC9A458F6}.Debug|Any CPU.Build.0 = Debug|Any CPU
		{B412D356-69ED-4369-8E7F-6F3CC9A458F6}.Release|Any CPU.ActiveCfg = Release|Any CPU
		{B412D356-69ED-4369-8E7F-6F3CC9A458F6}.Release|Any CPU.Build.0 = Release|Any CPU
		{0D2BF5EC-6382-4F28-ACA0-3B548F848B35}.Debug|Any CPU.ActiveCfg = Debug|Any CPU
		{0D2BF5EC-6382-4F28-ACA0-3B548F848B35}.Debug|Any CPU.Build.0 = Debug|Any CPU
		{0D2BF5EC-6382-4F28-ACA0-3B548F848B35}.Release|Any CPU.ActiveCfg = Release|Any CPU
		{0D2BF5EC-6382-4F28-ACA0-3B548F848B35}.Release|Any CPU.Build.0 = Release|Any CPU
		{B51610B0-80F2-44FD-AD92-59AA2ED9A5B5}.Debug|Any CPU.ActiveCfg = Debug|Any CPU
		{B51610B0-80F2-44FD-AD92-59AA2ED9A5B5}.Debug|Any CPU.Build.0 = Debug|Any CPU
		{B51610B0-80F2-44FD-AD92-59AA2ED9A5B5}.Release|Any CPU.ActiveCfg = Release|Any CPU
		{B51610B0-80F2-44FD-AD92-59AA2ED9A5B5}.Release|Any CPU.Build.0 = Release|Any CPU
	EndGlobalSection
	GlobalSection(SolutionProperties) = preSolution
		HideSolutionNode = FALSE
	EndGlobalSection
	GlobalSection(NestedProjects) = preSolution
		{E237EEEC-67D6-45A2-AAD6-81F2392D6BF9} = {D8019F13-A844-423C-92B9-95B92E42A95A}
		{C201158B-8249-49B6-A715-22060752D3C7} = {D8019F13-A844-423C-92B9-95B92E42A95A}
		{BFE603B9-09D7-4722-896F-4640FBF79336} = {D8019F13-A844-423C-92B9-95B92E42A95A}
		{F9845C3D-6718-41AD-B32F-E814940F52A1} = {D8019F13-A844-423C-92B9-95B92E42A95A}
		{7F9740D7-53E8-46E4-BC28-82AEABBE4EA3} = {F9845C3D-6718-41AD-B32F-E814940F52A1}
		{F7576DAA-A58F-48AD-A2C4-0C2289C19D9B} = {F9845C3D-6718-41AD-B32F-E814940F52A1}
		{A57E7570-D3BF-4C55-9EFA-BD9F1283B5CC} = {F9845C3D-6718-41AD-B32F-E814940F52A1}
		{82E62F8F-8511-4B9C-836E-EA6D7CC23B5E} = {1062260E-9CA6-4EBE-B6D5-81E3F49CF1A7}
		{9856D20C-4085-4F89-992D-85B296CDAABA} = {D8019F13-A844-423C-92B9-95B92E42A95A}
		{9E7E1172-1167-4FB3-8D54-4F2CE6F53454} = {D8019F13-A844-423C-92B9-95B92E42A95A}
		{89B0EF04-1EF6-460D-9C23-F0FB7853AB93} = {9E7E1172-1167-4FB3-8D54-4F2CE6F53454}
		{E1E6AB27-4C11-44F3-A955-D91EE88EA21B} = {89B0EF04-1EF6-460D-9C23-F0FB7853AB93}
		{DA8486DB-D11A-4AC2-B270-DED02BC3DB0D} = {9E7E1172-1167-4FB3-8D54-4F2CE6F53454}
		{1712C204-7D53-4CF4-A505-62DA09C76C94} = {DA8486DB-D11A-4AC2-B270-DED02BC3DB0D}
		{0A895488-F6DC-443B-9574-49B53502AA77} = {9E7E1172-1167-4FB3-8D54-4F2CE6F53454}
		{B412D356-69ED-4369-8E7F-6F3CC9A458F6} = {0A895488-F6DC-443B-9574-49B53502AA77}
		{4CFB5969-BBE8-40A0-86EB-BA6978DCFCA3} = {9E7E1172-1167-4FB3-8D54-4F2CE6F53454}
		{0D2BF5EC-6382-4F28-ACA0-3B548F848B35} = {4CFB5969-BBE8-40A0-86EB-BA6978DCFCA3}
		{FE790BC8-E948-4CCF-B136-13B756D1C0D7} = {D8019F13-A844-423C-92B9-95B92E42A95A}
		{B51610B0-80F2-44FD-AD92-59AA2ED9A5B5} = {FE790BC8-E948-4CCF-B136-13B756D1C0D7}
	EndGlobalSection
	GlobalSection(ExtensibilityGlobals) = postSolution
		SolutionGuid = {64CF07C6-C096-46EE-BED9-0FF81160BDAA}
	EndGlobalSection
EndGlobal
