
Microsoft Visual Studio Solution File, Format Version 12.00
# Visual Studio Version 16
VisualStudioVersion = 16.0.31321.278
MinimumVisualStudioVersion = 10.0.40219.1
Project("{2150E333-8FDC-42A3-9474-1A3956D46DE8}") = "src", "src", "{D8019F13-A844-423C-92B9-95B92E42A95A}"
EndProject
Project("{2150E333-8FDC-42A3-9474-1A3956D46DE8}") = "test", "test", "{1062260E-9CA6-4EBE-B6D5-81E3F49CF1A7}"
EndProject
Project("{9A19103F-16F7-4668-BE54-9A1E7A4F7556}") = "Interview.Domain", "src\Interview.Domain\Interview.Domain.csproj", "{E237EEEC-67D6-45A2-AAD6-81F2392D6BF9}"
EndProject
Project("{9A19103F-16F7-4668-BE54-9A1E7A4F7556}") = "Interview.Infrastructure", "src\Interview.Infrastructure\Interview.Infrastructure.csproj", "{C201158B-8249-49B6-A715-22060752D3C7}"
EndProject
Project("{9A19103F-16F7-4668-BE54-9A1E7A4F7556}") = "Interview.Application", "src\Interview.Application\Interview.Application.csproj", "{BFE603B9-09D7-4722-896F-4640FBF79336}"
EndProject
Project("{9A19103F-16F7-4668-BE54-9A1E7A4F7556}") = "Interview.CarStop", "src\Interview.CarStop\Interview.CarStop.csproj", "{7AB7FBE8-AFEB-4C82-B77B-61B84739F838}"
EndProject
Project("{2150E333-8FDC-42A3-9474-1A3956D46DE8}") = "EventBus", "EventBus", "{F9845C3D-6718-41AD-B32F-E814940F52A1}"
EndProject
Project("{9A19103F-16F7-4668-BE54-9A1E7A4F7556}") = "EventBus.Base", "..\Microservice\EventBus.Base\EventBus.Base.csproj", "{7F9740D7-53E8-46E4-BC28-82AEABBE4EA3}"
EndProject
Project("{9A19103F-16F7-4668-BE54-9A1E7A4F7556}") = "EventBus.Factory", "..\Microservice\EventBus.Factory\EventBus.Factory.csproj", "{F7576DAA-A58F-48AD-A2C4-0C2289C19D9B}"
EndProject
Project("{9A19103F-16F7-4668-BE54-9A1E7A4F7556}") = "EventBus.RabbitMQ", "..\Microservice\EventBus.RabbitMQ\EventBus.RabbitMQ.csproj", "{A57E7570-D3BF-4C55-9EFA-BD9F1283B5CC}"
EndProject
Project("{9A19103F-16F7-4668-BE54-9A1E7A4F7556}") = "Application.IntegrationTest", "test\TestProject1\Application.IntegrationTest.csproj", "{82E62F8F-8511-4B9C-836E-EA6D7CC23B5E}"
EndProject
Project("{FAE04EC0-301F-11D3-BF4B-00C04F79EFBC}") = "WebApi", "src\WebApi\WebApi.csproj", "{9856D20C-4085-4F89-992D-85B296CDAABA}"
EndProject
Global
	GlobalSection(SolutionConfigurationPlatforms) = preSolution
		Debug|Any CPU = Debug|Any CPU
		Release|Any CPU = Release|Any CPU
	EndGlobalSection
	GlobalSection(ProjectConfigurationPlatforms) = postSolution
		{E237EEEC-67D6-45A2-AAD6-81F2392D6BF9}.Debug|Any CPU.ActiveCfg = Debug|Any CPU
		{E237EEEC-67D6-45A2-AAD6-81F2392D6BF9}.Debug|Any CPU.Build.0 = Debug|Any CPU
		{E237EEEC-67D6-45A2-AAD6-81F2392D6BF9}.Release|Any CPU.ActiveCfg = Release|Any CPU
		{E237EEEC-67D6-45A2-AAD6-81F2392D6BF9}.Release|Any CPU.Build.0 = Release|Any CPU
		{C201158B-8249-49B6-A715-22060752D3C7}.Debug|Any CPU.ActiveCfg = Debug|Any CPU
		{C201158B-8249-49B6-A715-22060752D3C7}.Debug|Any CPU.Build.0 = Debug|Any CPU
		{C201158B-8249-49B6-A715-22060752D3C7}.Release|Any CPU.ActiveCfg = Release|Any CPU
		{C201158B-8249-49B6-A715-22060752D3C7}.Release|Any CPU.Build.0 = Release|Any CPU
		{BFE603B9-09D7-4722-896F-4640FBF79336}.Debug|Any CPU.ActiveCfg = Debug|Any CPU
		{BFE603B9-09D7-4722-896F-4640FBF79336}.Debug|Any CPU.Build.0 = Debug|Any CPU
		{BFE603B9-09D7-4722-896F-4640FBF79336}.Release|Any CPU.ActiveCfg = Release|Any CPU
		{BFE603B9-09D7-4722-896F-4640FBF79336}.Release|Any CPU.Build.0 = Release|Any CPU
		{7AB7FBE8-AFEB-4C82-B77B-61B84739F838}.Debug|Any CPU.ActiveCfg = Debug|Any CPU
		{7AB7FBE8-AFEB-4C82-B77B-61B84739F838}.Debug|Any CPU.Build.0 = Debug|Any CPU
		{7AB7FBE8-AFEB-4C82-B77B-61B84739F838}.Release|Any CPU.ActiveCfg = Release|Any CPU
		{7AB7FBE8-AFEB-4C82-B77B-61B84739F838}.Release|Any CPU.Build.0 = Release|Any CPU
		{7F9740D7-53E8-46E4-BC28-82AEABBE4EA3}.Debug|Any CPU.ActiveCfg = Debug|Any CPU
		{7F9740D7-53E8-46E4-BC28-82AEABBE4EA3}.Debug|Any CPU.Build.0 = Debug|Any CPU
		{7F9740D7-53E8-46E4-BC28-82AEABBE4EA3}.Release|Any CPU.ActiveCfg = Release|Any CPU
		{7F9740D7-53E8-46E4-BC28-82AEABBE4EA3}.Release|Any CPU.Build.0 = Release|Any CPU
		{F7576DAA-A58F-48AD-A2C4-0C2289C19D9B}.Debug|Any CPU.ActiveCfg = Debug|Any CPU
		{F7576DAA-A58F-48AD-A2C4-0C2289C19D9B}.Debug|Any CPU.Build.0 = Debug|Any CPU
		{F7576DAA-A58F-48AD-A2C4-0C2289C19D9B}.Release|Any CPU.ActiveCfg = Release|Any CPU
		{F7576DAA-A58F-48AD-A2C4-0C2289C19D9B}.Release|Any CPU.Build.0 = Release|Any CPU
		{A57E7570-D3BF-4C55-9EFA-BD9F1283B5CC}.Debug|Any CPU.ActiveCfg = Debug|Any CPU
		{A57E7570-D3BF-4C55-9EFA-BD9F1283B5CC}.Debug|Any CPU.Build.0 = Debug|Any CPU
		{A57E7570-D3BF-4C55-9EFA-BD9F1283B5CC}.Release|Any CPU.ActiveCfg = Release|Any CPU
		{A57E7570-D3BF-4C55-9EFA-BD9F1283B5CC}.Release|Any CPU.Build.0 = Release|Any CPU
		{82E62F8F-8511-4B9C-836E-EA6D7CC23B5E}.Debug|Any CPU.ActiveCfg = Debug|Any CPU
		{82E62F8F-8511-4B9C-836E-EA6D7CC23B5E}.Debug|Any CPU.Build.0 = Debug|Any CPU
		{82E62F8F-8511-4B9C-836E-EA6D7CC23B5E}.Release|Any CPU.ActiveCfg = Release|Any CPU
		{82E62F8F-8511-4B9C-836E-EA6D7CC23B5E}.Release|Any CPU.Build.0 = Release|Any CPU
		{9856D20C-4085-4F89-992D-85B296CDAABA}.Debug|Any CPU.ActiveCfg = Debug|Any CPU
		{9856D20C-4085-4F89-992D-85B296CDAABA}.Debug|Any CPU.Build.0 = Debug|Any CPU
		{9856D20C-4085-4F89-992D-85B296CDAABA}.Release|Any CPU.ActiveCfg = Release|Any CPU
		{9856D20C-4085-4F89-992D-85B296CDAABA}.Release|Any CPU.Build.0 = Release|Any CPU
	EndGlobalSection
	GlobalSection(SolutionProperties) = preSolution
		HideSolutionNode = FALSE
	EndGlobalSection
	GlobalSection(NestedProjects) = preSolution
		{E237EEEC-67D6-45A2-AAD6-81F2392D6BF9} = {D8019F13-A844-423C-92B9-95B92E42A95A}
		{C201158B-8249-49B6-A715-22060752D3C7} = {D8019F13-A844-423C-92B9-95B92E42A95A}
		{BFE603B9-09D7-4722-896F-4640FBF79336} = {D8019F13-A844-423C-92B9-95B92E42A95A}
		{7AB7FBE8-AFEB-4C82-B77B-61B84739F838} = {D8019F13-A844-423C-92B9-95B92E42A95A}
		{F9845C3D-6718-41AD-B32F-E814940F52A1} = {D8019F13-A844-423C-92B9-95B92E42A95A}
		{7F9740D7-53E8-46E4-BC28-82AEABBE4EA3} = {F9845C3D-6718-41AD-B32F-E814940F52A1}
		{F7576DAA-A58F-48AD-A2C4-0C2289C19D9B} = {F9845C3D-6718-41AD-B32F-E814940F52A1}
		{A57E7570-D3BF-4C55-9EFA-BD9F1283B5CC} = {F9845C3D-6718-41AD-B32F-E814940F52A1}
		{82E62F8F-8511-4B9C-836E-EA6D7CC23B5E} = {1062260E-9CA6-4EBE-B6D5-81E3F49CF1A7}
		{9856D20C-4085-4F89-992D-85B296CDAABA} = {D8019F13-A844-423C-92B9-95B92E42A95A}
	EndGlobalSection
	GlobalSection(ExtensibilityGlobals) = postSolution
		SolutionGuid = {64CF07C6-C096-46EE-BED9-0FF81160BDAA}
	EndGlobalSection
EndGlobal
